
Microsoft Visual Studio Solution File, Format Version 12.00
# Visual Studio 15
VisualStudioVersion = 15.0.27703.2042
MinimumVisualStudioVersion = 10.0.40219.1
Project("{FAE04EC0-301F-11D3-BF4B-00C04F79EFBC}") = "KiaansInternshipProgram", "KiaansInternshipProgram\KiaansInternshipProgram.csproj", "{CAFE5DB6-FA39-4C57-8B71-D0607F6C3948}"
EndProject
Global
	GlobalSection(SolutionConfigurationPlatforms) = preSolution
		Debug|Any CPU = Debug|Any CPU
		Release|Any CPU = Release|Any CPU
	EndGlobalSection
	GlobalSection(ProjectConfigurationPlatforms) = postSolution
		{CAFE5DB6-FA39-4C57-8B71-D0607F6C3948}.Debug|Any CPU.ActiveCfg = Debug|Any CPU
		{CAFE5DB6-FA39-4C57-8B71-D0607F6C3948}.Debug|Any CPU.Build.0 = Debug|Any CPU
		{CAFE5DB6-FA39-4C57-8B71-D0607F6C3948}.Release|Any CPU.ActiveCfg = Release|Any CPU
		{CAFE5DB6-FA39-4C57-8B71-D0607F6C3948}.Release|Any CPU.Build.0 = Release|Any CPU
	EndGlobalSection
	GlobalSection(SolutionProperties) = preSolution
		HideSolutionNode = FALSE
	EndGlobalSection
	GlobalSection(ExtensibilityGlobals) = postSolution
		SolutionGuid = {B55F20A9-3832-4760-9A37-005427B02A06}
	EndGlobalSection
EndGlobal
